
Microsoft Visual Studio Solution File, Format Version 12.00
# Visual Studio Version 17
VisualStudioVersion = 17.10.34607.79
MinimumVisualStudioVersion = 10.0.40219.1
Project("{9A19103F-16F7-4668-BE54-9A1E7A4F7556}") = "InMemoryCacheSample", "InMemoryCache\InMemoryCacheSample.csproj", "{AE0251A4-0047-4358-A83D-482ED9E10A09}"
EndProject
Project("{FAE04EC0-301F-11D3-BF4B-00C04F79EFBC}") = "WebApi", "WebApi\WebApi.csproj", "{3349A37A-337C-400B-9BBE-19EFDB5C37C6}"
EndProject
Project("{FAE04EC0-301F-11D3-BF4B-00C04F79EFBC}") = "RedisSample", "RedisSample\RedisSample.csproj", "{E6582B09-B3CA-4A83-A214-C0409A5074F3}"
EndProject
Project("{FAE04EC0-301F-11D3-BF4B-00C04F79EFBC}") = "Models", "Nodels\Models.csproj", "{FAC3F499-4349-498D-BD12-2EF4E02C2FB4}"
EndProject
Project("{FAE04EC0-301F-11D3-BF4B-00C04F79EFBC}") = "Services", "Services\Services.csproj", "{99E0825A-F4EE-4363-9E87-681B0B70023B}"
EndProject
Global
	GlobalSection(SolutionConfigurationPlatforms) = preSolution
		Debug|Any CPU = Debug|Any CPU
		Release|Any CPU = Release|Any CPU
	EndGlobalSection
	GlobalSection(ProjectConfigurationPlatforms) = postSolution
		{AE0251A4-0047-4358-A83D-482ED9E10A09}.Debug|Any CPU.ActiveCfg = Debug|Any CPU
		{AE0251A4-0047-4358-A83D-482ED9E10A09}.Debug|Any CPU.Build.0 = Debug|Any CPU
		{AE0251A4-0047-4358-A83D-482ED9E10A09}.Release|Any CPU.ActiveCfg = Release|Any CPU
		{AE0251A4-0047-4358-A83D-482ED9E10A09}.Release|Any CPU.Build.0 = Release|Any CPU
		{3349A37A-337C-400B-9BBE-19EFDB5C37C6}.Debug|Any CPU.ActiveCfg = Debug|Any CPU
		{3349A37A-337C-400B-9BBE-19EFDB5C37C6}.Debug|Any CPU.Build.0 = Debug|Any CPU
		{3349A37A-337C-400B-9BBE-19EFDB5C37C6}.Release|Any CPU.ActiveCfg = Release|Any CPU
		{3349A37A-337C-400B-9BBE-19EFDB5C37C6}.Release|Any CPU.Build.0 = Release|Any CPU
		{E6582B09-B3CA-4A83-A214-C0409A5074F3}.Debug|Any CPU.ActiveCfg = Debug|Any CPU
		{E6582B09-B3CA-4A83-A214-C0409A5074F3}.Debug|Any CPU.Build.0 = Debug|Any CPU
		{E6582B09-B3CA-4A83-A214-C0409A5074F3}.Release|Any CPU.ActiveCfg = Release|Any CPU
		{E6582B09-B3CA-4A83-A214-C0409A5074F3}.Release|Any CPU.Build.0 = Release|Any CPU
		{FAC3F499-4349-498D-BD12-2EF4E02C2FB4}.Debug|Any CPU.ActiveCfg = Debug|Any CPU
		{FAC3F499-4349-498D-BD12-2EF4E02C2FB4}.Debug|Any CPU.Build.0 = Debug|Any CPU
		{FAC3F499-4349-498D-BD12-2EF4E02C2FB4}.Release|Any CPU.ActiveCfg = Release|Any CPU
		{FAC3F499-4349-498D-BD12-2EF4E02C2FB4}.Release|Any CPU.Build.0 = Release|Any CPU
		{99E0825A-F4EE-4363-9E87-681B0B70023B}.Debug|Any CPU.ActiveCfg = Debug|Any CPU
		{99E0825A-F4EE-4363-9E87-681B0B70023B}.Debug|Any CPU.Build.0 = Debug|Any CPU
		{99E0825A-F4EE-4363-9E87-681B0B70023B}.Release|Any CPU.ActiveCfg = Release|Any CPU
		{99E0825A-F4EE-4363-9E87-681B0B70023B}.Release|Any CPU.Build.0 = Release|Any CPU
	EndGlobalSection
	GlobalSection(SolutionProperties) = preSolution
		HideSolutionNode = FALSE
	EndGlobalSection
	GlobalSection(ExtensibilityGlobals) = postSolution
		SolutionGuid = {7E75B2B5-D4A5-413B-958D-755F1AFCB322}
	EndGlobalSection
EndGlobal
